// !$*UTF8*$!
{
	archiveVersion = 1;
	classes = {
	};
	objectVersion = 56;
	objects = {

/* Begin PBXBuildFile section */
		D4D1EF1B2C1CFA3200003163 /* LiraApp.swift in Sources */ = {isa = PBXBuildFile; fileRef = D4D1EF1A2C1CFA3200003163 /* LiraApp.swift */; };
		D4D1EF1D2C1CFA3200003163 /* ContentView.swift in Sources */ = {isa = PBXBuildFile; fileRef = D4D1EF1C2C1CFA3200003163 /* ContentView.swift */; };
		D4D1EF1F2C1CFA3400003163 /* Assets.xcassets in Resources */ = {isa = PBXBuildFile; fileRef = D4D1EF1E2C1CFA3400003163 /* Assets.xcassets */; };
		D4D1EF222C1CFA3400003163 /* Preview Assets.xcassets in Resources */ = {isa = PBXBuildFile; fileRef = D4D1EF212C1CFA3400003163 /* Preview Assets.xcassets */; };
		D4D1EF2A2C1CFCDE00003163 /* DragManager.swift in Sources */ = {isa = PBXBuildFile; fileRef = D4D1EF292C1CFCDE00003163 /* DragManager.swift */; };
		D4D1EF2F2C1CFDD000003163 /* CoreGraphics+Extensions.swift in Sources */ = {isa = PBXBuildFile; fileRef = D4D1EF2B2C1CFDD000003163 /* CoreGraphics+Extensions.swift */; };
		D4D1EF302C1CFDD000003163 /* SKNode+Extensions.swift in Sources */ = {isa = PBXBuildFile; fileRef = D4D1EF2C2C1CFDD000003163 /* SKNode+Extensions.swift */; };
		D4D1EF312C1CFDD000003163 /* String+Extensions.swift in Sources */ = {isa = PBXBuildFile; fileRef = D4D1EF2D2C1CFDD000003163 /* String+Extensions.swift */; };
		D4D1EF332C1CFDEA00003163 /* DragInfo.swift in Sources */ = {isa = PBXBuildFile; fileRef = D4D1EF322C1CFDEA00003163 /* DragInfo.swift */; };
		D4D1EF352C1D1BEE00003163 /* TapManager.swift in Sources */ = {isa = PBXBuildFile; fileRef = D4D1EF342C1D1BEE00003163 /* TapManager.swift */; };
		D4D1EF372C1D1C4E00003163 /* TapInfo.swift in Sources */ = {isa = PBXBuildFile; fileRef = D4D1EF362C1D1C4E00003163 /* TapInfo.swift */; };
		D4D1EF392C1D8C5A00003163 /* SceneInputManager.swift in Sources */ = {isa = PBXBuildFile; fileRef = D4D1EF382C1D8C5A00003163 /* SceneInputManager.swift */; };
		D4D1EF3C2C1D8D7E00003163 /* SpriteWorldView.swift in Sources */ = {isa = PBXBuildFile; fileRef = D4D1EF3B2C1D8D7E00003163 /* SpriteWorldView.swift */; };
		D4D1EF3E2C1D8E0A00003163 /* AppState.swift in Sources */ = {isa = PBXBuildFile; fileRef = D4D1EF3D2C1D8E0A00003163 /* AppState.swift */; };
		D4D1EF402C1D8E4600003163 /* Game.swift in Sources */ = {isa = PBXBuildFile; fileRef = D4D1EF3F2C1D8E4600003163 /* Game.swift */; };
		D4D1EF422C1D8E9E00003163 /* Scene.swift in Sources */ = {isa = PBXBuildFile; fileRef = D4D1EF412C1D8E9E00003163 /* Scene.swift */; };
		D4D1EF442C1D8EC500003163 /* Entity.swift in Sources */ = {isa = PBXBuildFile; fileRef = D4D1EF432C1D8EC500003163 /* Entity.swift */; };
		D4D1EF462C1D8ECE00003163 /* SelectionController.swift in Sources */ = {isa = PBXBuildFile; fileRef = D4D1EF452C1D8ECE00003163 /* SelectionController.swift */; };
		D4D1EF492C1D8F2100003163 /* MoveHandle.swift in Sources */ = {isa = PBXBuildFile; fileRef = D4D1EF482C1D8F2100003163 /* MoveHandle.swift */; };
		D4D1EF4B2C1D8F2800003163 /* RosizeHandle.swift in Sources */ = {isa = PBXBuildFile; fileRef = D4D1EF4A2C1D8F2800003163 /* RosizeHandle.swift */; };
		D4D1EF4D2C1D90AB00003163 /* SceneInfo.swift in Sources */ = {isa = PBXBuildFile; fileRef = D4D1EF4C2C1D90AB00003163 /* SceneInfo.swift */; };
		D4D1EF502C1D953100003163 /* Component.swift in Sources */ = {isa = PBXBuildFile; fileRef = D4D1EF4F2C1D953100003163 /* Component.swift */; };
		D4D1EF522C1D985F00003163 /* Gremlin.swift in Sources */ = {isa = PBXBuildFile; fileRef = D4D1EF512C1D985F00003163 /* Gremlin.swift */; };
		D4D1EF542C1D98AE00003163 /* Waypoint.swift in Sources */ = {isa = PBXBuildFile; fileRef = D4D1EF532C1D98AE00003163 /* Waypoint.swift */; };
		D4D1EF572C1D9BAA00003163 /* SelectionMarquee.swift in Sources */ = {isa = PBXBuildFile; fileRef = D4D1EF562C1D9BAA00003163 /* SelectionMarquee.swift */; };
		D4D1EF592C1D9BCB00003163 /* SpriteWorld.swift in Sources */ = {isa = PBXBuildFile; fileRef = D4D1EF582C1D9BCB00003163 /* SpriteWorld.swift */; };
/* End PBXBuildFile section */

/* Begin PBXFileReference section */
		D4D1EF172C1CFA3200003163 /* Lira.app */ = {isa = PBXFileReference; explicitFileType = wrapper.application; includeInIndex = 0; path = Lira.app; sourceTree = BUILT_PRODUCTS_DIR; };
		D4D1EF1A2C1CFA3200003163 /* LiraApp.swift */ = {isa = PBXFileReference; lastKnownFileType = sourcecode.swift; path = LiraApp.swift; sourceTree = "<group>"; };
		D4D1EF1C2C1CFA3200003163 /* ContentView.swift */ = {isa = PBXFileReference; lastKnownFileType = sourcecode.swift; path = ContentView.swift; sourceTree = "<group>"; };
		D4D1EF1E2C1CFA3400003163 /* Assets.xcassets */ = {isa = PBXFileReference; lastKnownFileType = folder.assetcatalog; path = Assets.xcassets; sourceTree = "<group>"; };
		D4D1EF212C1CFA3400003163 /* Preview Assets.xcassets */ = {isa = PBXFileReference; lastKnownFileType = folder.assetcatalog; path = "Preview Assets.xcassets"; sourceTree = "<group>"; };
		D4D1EF232C1CFA3400003163 /* Lira.entitlements */ = {isa = PBXFileReference; lastKnownFileType = text.plist.entitlements; path = Lira.entitlements; sourceTree = "<group>"; };
		D4D1EF292C1CFCDE00003163 /* DragManager.swift */ = {isa = PBXFileReference; lastKnownFileType = sourcecode.swift; path = DragManager.swift; sourceTree = "<group>"; };
		D4D1EF2B2C1CFDD000003163 /* CoreGraphics+Extensions.swift */ = {isa = PBXFileReference; fileEncoding = 4; lastKnownFileType = sourcecode.swift; path = "CoreGraphics+Extensions.swift"; sourceTree = "<group>"; };
		D4D1EF2C2C1CFDD000003163 /* SKNode+Extensions.swift */ = {isa = PBXFileReference; fileEncoding = 4; lastKnownFileType = sourcecode.swift; path = "SKNode+Extensions.swift"; sourceTree = "<group>"; };
		D4D1EF2D2C1CFDD000003163 /* String+Extensions.swift */ = {isa = PBXFileReference; fileEncoding = 4; lastKnownFileType = sourcecode.swift; path = "String+Extensions.swift"; sourceTree = "<group>"; };
		D4D1EF322C1CFDEA00003163 /* DragInfo.swift */ = {isa = PBXFileReference; fileEncoding = 4; lastKnownFileType = sourcecode.swift; path = DragInfo.swift; sourceTree = "<group>"; };
		D4D1EF342C1D1BEE00003163 /* TapManager.swift */ = {isa = PBXFileReference; lastKnownFileType = sourcecode.swift; path = TapManager.swift; sourceTree = "<group>"; };
		D4D1EF362C1D1C4E00003163 /* TapInfo.swift */ = {isa = PBXFileReference; fileEncoding = 4; lastKnownFileType = sourcecode.swift; path = TapInfo.swift; sourceTree = "<group>"; };
		D4D1EF382C1D8C5A00003163 /* SceneInputManager.swift */ = {isa = PBXFileReference; lastKnownFileType = sourcecode.swift; path = SceneInputManager.swift; sourceTree = "<group>"; };
		D4D1EF3B2C1D8D7E00003163 /* SpriteWorldView.swift */ = {isa = PBXFileReference; fileEncoding = 4; lastKnownFileType = sourcecode.swift; path = SpriteWorldView.swift; sourceTree = "<group>"; };
		D4D1EF3D2C1D8E0A00003163 /* AppState.swift */ = {isa = PBXFileReference; lastKnownFileType = sourcecode.swift; path = AppState.swift; sourceTree = "<group>"; };
		D4D1EF3F2C1D8E4600003163 /* Game.swift */ = {isa = PBXFileReference; lastKnownFileType = sourcecode.swift; path = Game.swift; sourceTree = "<group>"; };
		D4D1EF412C1D8E9E00003163 /* Scene.swift */ = {isa = PBXFileReference; lastKnownFileType = sourcecode.swift; path = Scene.swift; sourceTree = "<group>"; };
		D4D1EF432C1D8EC500003163 /* Entity.swift */ = {isa = PBXFileReference; lastKnownFileType = sourcecode.swift; path = Entity.swift; sourceTree = "<group>"; };
		D4D1EF452C1D8ECE00003163 /* SelectionController.swift */ = {isa = PBXFileReference; lastKnownFileType = sourcecode.swift; path = SelectionController.swift; sourceTree = "<group>"; };
		D4D1EF482C1D8F2100003163 /* MoveHandle.swift */ = {isa = PBXFileReference; lastKnownFileType = sourcecode.swift; path = MoveHandle.swift; sourceTree = "<group>"; };
		D4D1EF4A2C1D8F2800003163 /* RosizeHandle.swift */ = {isa = PBXFileReference; lastKnownFileType = sourcecode.swift; path = RosizeHandle.swift; sourceTree = "<group>"; };
		D4D1EF4C2C1D90AB00003163 /* SceneInfo.swift */ = {isa = PBXFileReference; lastKnownFileType = sourcecode.swift; path = SceneInfo.swift; sourceTree = "<group>"; };
		D4D1EF4F2C1D953100003163 /* Component.swift */ = {isa = PBXFileReference; lastKnownFileType = sourcecode.swift; path = Component.swift; sourceTree = "<group>"; };
		D4D1EF512C1D985F00003163 /* Gremlin.swift */ = {isa = PBXFileReference; lastKnownFileType = sourcecode.swift; path = Gremlin.swift; sourceTree = "<group>"; };
		D4D1EF532C1D98AE00003163 /* Waypoint.swift */ = {isa = PBXFileReference; lastKnownFileType = sourcecode.swift; path = Waypoint.swift; sourceTree = "<group>"; };
		D4D1EF562C1D9BAA00003163 /* SelectionMarquee.swift */ = {isa = PBXFileReference; fileEncoding = 4; lastKnownFileType = sourcecode.swift; path = SelectionMarquee.swift; sourceTree = "<group>"; };
		D4D1EF582C1D9BCB00003163 /* SpriteWorld.swift */ = {isa = PBXFileReference; lastKnownFileType = sourcecode.swift; path = SpriteWorld.swift; sourceTree = "<group>"; };
/* End PBXFileReference section */

/* Begin PBXFrameworksBuildPhase section */
		D4D1EF142C1CFA3200003163 /* Frameworks */ = {
			isa = PBXFrameworksBuildPhase;
			buildActionMask = 2147483647;
			files = (
			);
			runOnlyForDeploymentPostprocessing = 0;
		};
/* End PBXFrameworksBuildPhase section */

/* Begin PBXGroup section */
		D4D1EF0E2C1CFA3200003163 = {
			isa = PBXGroup;
			children = (
				D4D1EF192C1CFA3200003163 /* Lira */,
				D4D1EF182C1CFA3200003163 /* Products */,
			);
			sourceTree = "<group>";
		};
		D4D1EF182C1CFA3200003163 /* Products */ = {
			isa = PBXGroup;
			children = (
				D4D1EF172C1CFA3200003163 /* Lira.app */,
			);
			name = Products;
			sourceTree = "<group>";
		};
		D4D1EF192C1CFA3200003163 /* Lira */ = {
			isa = PBXGroup;
			children = (
				D4D1EF4E2C1D951D00003163 /* Component */,
				D4D1EF472C1D8F1000003163 /* Entity */,
				D4D1EF2E2C1CFDD000003163 /* Extensions */,
				D4D1EF3A2C1D8C7300003163 /* SceneInput */,
				D4D1EF552C1D9B9500003163 /* SpriteWorld */,
				D4D1EF3D2C1D8E0A00003163 /* AppState.swift */,
				D4D1EF1C2C1CFA3200003163 /* ContentView.swift */,
				D4D1EF1A2C1CFA3200003163 /* LiraApp.swift */,
				D4D1EF4C2C1D90AB00003163 /* SceneInfo.swift */,
				D4D1EF452C1D8ECE00003163 /* SelectionController.swift */,
				D4D1EF3B2C1D8D7E00003163 /* SpriteWorldView.swift */,
				D4D1EF1E2C1CFA3400003163 /* Assets.xcassets */,
				D4D1EF232C1CFA3400003163 /* Lira.entitlements */,
				D4D1EF202C1CFA3400003163 /* Preview Content */,
			);
			path = Lira;
			sourceTree = "<group>";
		};
		D4D1EF202C1CFA3400003163 /* Preview Content */ = {
			isa = PBXGroup;
			children = (
				D4D1EF212C1CFA3400003163 /* Preview Assets.xcassets */,
			);
			path = "Preview Content";
			sourceTree = "<group>";
		};
		D4D1EF2E2C1CFDD000003163 /* Extensions */ = {
			isa = PBXGroup;
			children = (
				D4D1EF2B2C1CFDD000003163 /* CoreGraphics+Extensions.swift */,
				D4D1EF2C2C1CFDD000003163 /* SKNode+Extensions.swift */,
				D4D1EF2D2C1CFDD000003163 /* String+Extensions.swift */,
			);
			path = Extensions;
			sourceTree = "<group>";
		};
		D4D1EF3A2C1D8C7300003163 /* SceneInput */ = {
			isa = PBXGroup;
			children = (
				D4D1EF322C1CFDEA00003163 /* DragInfo.swift */,
				D4D1EF292C1CFCDE00003163 /* DragManager.swift */,
				D4D1EF382C1D8C5A00003163 /* SceneInputManager.swift */,
				D4D1EF362C1D1C4E00003163 /* TapInfo.swift */,
				D4D1EF342C1D1BEE00003163 /* TapManager.swift */,
			);
			path = SceneInput;
			sourceTree = "<group>";
		};
		D4D1EF472C1D8F1000003163 /* Entity */ = {
			isa = PBXGroup;
			children = (
				D4D1EF432C1D8EC500003163 /* Entity.swift */,
				D4D1EF512C1D985F00003163 /* Gremlin.swift */,
				D4D1EF482C1D8F2100003163 /* MoveHandle.swift */,
				D4D1EF4A2C1D8F2800003163 /* RosizeHandle.swift */,
				D4D1EF532C1D98AE00003163 /* Waypoint.swift */,
			);
			path = Entity;
			sourceTree = "<group>";
		};
		D4D1EF4E2C1D951D00003163 /* Component */ = {
			isa = PBXGroup;
			children = (
				D4D1EF4F2C1D953100003163 /* Component.swift */,
			);
			path = Component;
			sourceTree = "<group>";
		};
		D4D1EF552C1D9B9500003163 /* SpriteWorld */ = {
			isa = PBXGroup;
			children = (
				D4D1EF582C1D9BCB00003163 /* SpriteWorld.swift */,
				D4D1EF3F2C1D8E4600003163 /* Game.swift */,
				D4D1EF412C1D8E9E00003163 /* Scene.swift */,
				D4D1EF562C1D9BAA00003163 /* SelectionMarquee.swift */,
			);
			path = SpriteWorld;
			sourceTree = "<group>";
		};
/* End PBXGroup section */

/* Begin PBXNativeTarget section */
		D4D1EF162C1CFA3200003163 /* Lira */ = {
			isa = PBXNativeTarget;
			buildConfigurationList = D4D1EF262C1CFA3400003163 /* Build configuration list for PBXNativeTarget "Lira" */;
			buildPhases = (
				D4D1EF132C1CFA3200003163 /* Sources */,
				D4D1EF142C1CFA3200003163 /* Frameworks */,
				D4D1EF152C1CFA3200003163 /* Resources */,
			);
			buildRules = (
			);
			dependencies = (
			);
			name = Lira;
			productName = Lira;
			productReference = D4D1EF172C1CFA3200003163 /* Lira.app */;
			productType = "com.apple.product-type.application";
		};
/* End PBXNativeTarget section */

/* Begin PBXProject section */
		D4D1EF0F2C1CFA3200003163 /* Project object */ = {
			isa = PBXProject;
			attributes = {
				BuildIndependentTargetsInParallel = 1;
				LastSwiftUpdateCheck = 1540;
				LastUpgradeCheck = 1540;
				TargetAttributes = {
					D4D1EF162C1CFA3200003163 = {
						CreatedOnToolsVersion = 15.4;
					};
				};
			};
			buildConfigurationList = D4D1EF122C1CFA3200003163 /* Build configuration list for PBXProject "Lira" */;
			compatibilityVersion = "Xcode 14.0";
			developmentRegion = en;
			hasScannedForEncodings = 0;
			knownRegions = (
				en,
				Base,
			);
			mainGroup = D4D1EF0E2C1CFA3200003163;
			productRefGroup = D4D1EF182C1CFA3200003163 /* Products */;
			projectDirPath = "";
			projectRoot = "";
			targets = (
				D4D1EF162C1CFA3200003163 /* Lira */,
			);
		};
/* End PBXProject section */

/* Begin PBXResourcesBuildPhase section */
		D4D1EF152C1CFA3200003163 /* Resources */ = {
			isa = PBXResourcesBuildPhase;
			buildActionMask = 2147483647;
			files = (
				D4D1EF222C1CFA3400003163 /* Preview Assets.xcassets in Resources */,
				D4D1EF1F2C1CFA3400003163 /* Assets.xcassets in Resources */,
			);
			runOnlyForDeploymentPostprocessing = 0;
		};
/* End PBXResourcesBuildPhase section */

/* Begin PBXSourcesBuildPhase section */
		D4D1EF132C1CFA3200003163 /* Sources */ = {
			isa = PBXSourcesBuildPhase;
			buildActionMask = 2147483647;
			files = (
				D4D1EF3C2C1D8D7E00003163 /* SpriteWorldView.swift in Sources */,
				D4D1EF332C1CFDEA00003163 /* DragInfo.swift in Sources */,
				D4D1EF542C1D98AE00003163 /* Waypoint.swift in Sources */,
				D4D1EF402C1D8E4600003163 /* Game.swift in Sources */,
				D4D1EF1D2C1CFA3200003163 /* ContentView.swift in Sources */,
				D4D1EF422C1D8E9E00003163 /* Scene.swift in Sources */,
				D4D1EF3E2C1D8E0A00003163 /* AppState.swift in Sources */,
				D4D1EF522C1D985F00003163 /* Gremlin.swift in Sources */,
				D4D1EF2F2C1CFDD000003163 /* CoreGraphics+Extensions.swift in Sources */,
				D4D1EF352C1D1BEE00003163 /* TapManager.swift in Sources */,
				D4D1EF302C1CFDD000003163 /* SKNode+Extensions.swift in Sources */,
				D4D1EF592C1D9BCB00003163 /* SpriteWorld.swift in Sources */,
				D4D1EF502C1D953100003163 /* Component.swift in Sources */,
				D4D1EF2A2C1CFCDE00003163 /* DragManager.swift in Sources */,
				D4D1EF312C1CFDD000003163 /* String+Extensions.swift in Sources */,
				D4D1EF442C1D8EC500003163 /* Entity.swift in Sources */,
				D4D1EF572C1D9BAA00003163 /* SelectionMarquee.swift in Sources */,
				D4D1EF392C1D8C5A00003163 /* SceneInputManager.swift in Sources */,
				D4D1EF4D2C1D90AB00003163 /* SceneInfo.swift in Sources */,
				D4D1EF372C1D1C4E00003163 /* TapInfo.swift in Sources */,
				D4D1EF492C1D8F2100003163 /* MoveHandle.swift in Sources */,
				D4D1EF4B2C1D8F2800003163 /* RosizeHandle.swift in Sources */,
				D4D1EF462C1D8ECE00003163 /* SelectionController.swift in Sources */,
				D4D1EF1B2C1CFA3200003163 /* LiraApp.swift in Sources */,
			);
			runOnlyForDeploymentPostprocessing = 0;
		};
/* End PBXSourcesBuildPhase section */

/* Begin XCBuildConfiguration section */
		D4D1EF242C1CFA3400003163 /* Debug */ = {
			isa = XCBuildConfiguration;
			buildSettings = {
				ALWAYS_SEARCH_USER_PATHS = NO;
				ASSETCATALOG_COMPILER_GENERATE_SWIFT_ASSET_SYMBOL_EXTENSIONS = YES;
				CLANG_ANALYZER_NONNULL = YES;
				CLANG_ANALYZER_NUMBER_OBJECT_CONVERSION = YES_AGGRESSIVE;
				CLANG_CXX_LANGUAGE_STANDARD = "gnu++20";
				CLANG_ENABLE_MODULES = YES;
				CLANG_ENABLE_OBJC_ARC = YES;
				CLANG_ENABLE_OBJC_WEAK = YES;
				CLANG_WARN_BLOCK_CAPTURE_AUTORELEASING = YES;
				CLANG_WARN_BOOL_CONVERSION = YES;
				CLANG_WARN_COMMA = YES;
				CLANG_WARN_CONSTANT_CONVERSION = YES;
				CLANG_WARN_DEPRECATED_OBJC_IMPLEMENTATIONS = YES;
				CLANG_WARN_DIRECT_OBJC_ISA_USAGE = YES_ERROR;
				CLANG_WARN_DOCUMENTATION_COMMENTS = YES;
				CLANG_WARN_EMPTY_BODY = YES;
				CLANG_WARN_ENUM_CONVERSION = YES;
				CLANG_WARN_INFINITE_RECURSION = YES;
				CLANG_WARN_INT_CONVERSION = YES;
				CLANG_WARN_NON_LITERAL_NULL_CONVERSION = YES;
				CLANG_WARN_OBJC_IMPLICIT_RETAIN_SELF = YES;
				CLANG_WARN_OBJC_LITERAL_CONVERSION = YES;
				CLANG_WARN_OBJC_ROOT_CLASS = YES_ERROR;
				CLANG_WARN_QUOTED_INCLUDE_IN_FRAMEWORK_HEADER = YES;
				CLANG_WARN_RANGE_LOOP_ANALYSIS = YES;
				CLANG_WARN_STRICT_PROTOTYPES = YES;
				CLANG_WARN_SUSPICIOUS_MOVE = YES;
				CLANG_WARN_UNGUARDED_AVAILABILITY = YES_AGGRESSIVE;
				CLANG_WARN_UNREACHABLE_CODE = YES;
				CLANG_WARN__DUPLICATE_METHOD_MATCH = YES;
				COPY_PHASE_STRIP = NO;
				DEBUG_INFORMATION_FORMAT = dwarf;
				ENABLE_STRICT_OBJC_MSGSEND = YES;
				ENABLE_TESTABILITY = YES;
				ENABLE_USER_SCRIPT_SANDBOXING = YES;
				GCC_C_LANGUAGE_STANDARD = gnu17;
				GCC_DYNAMIC_NO_PIC = NO;
				GCC_NO_COMMON_BLOCKS = YES;
				GCC_OPTIMIZATION_LEVEL = 0;
				GCC_PREPROCESSOR_DEFINITIONS = (
					"DEBUG=1",
					"$(inherited)",
				);
				GCC_WARN_64_TO_32_BIT_CONVERSION = YES;
				GCC_WARN_ABOUT_RETURN_TYPE = YES_ERROR;
				GCC_WARN_UNDECLARED_SELECTOR = YES;
				GCC_WARN_UNINITIALIZED_AUTOS = YES_AGGRESSIVE;
				GCC_WARN_UNUSED_FUNCTION = YES;
				GCC_WARN_UNUSED_VARIABLE = YES;
				LOCALIZATION_PREFERS_STRING_CATALOGS = YES;
				MACOSX_DEPLOYMENT_TARGET = 14.5;
				MTL_ENABLE_DEBUG_INFO = INCLUDE_SOURCE;
				MTL_FAST_MATH = YES;
				ONLY_ACTIVE_ARCH = YES;
				SDKROOT = macosx;
				SWIFT_ACTIVE_COMPILATION_CONDITIONS = "DEBUG $(inherited)";
				SWIFT_OPTIMIZATION_LEVEL = "-Onone";
			};
			name = Debug;
		};
		D4D1EF252C1CFA3400003163 /* Release */ = {
			isa = XCBuildConfiguration;
			buildSettings = {
				ALWAYS_SEARCH_USER_PATHS = NO;
				ASSETCATALOG_COMPILER_GENERATE_SWIFT_ASSET_SYMBOL_EXTENSIONS = YES;
				CLANG_ANALYZER_NONNULL = YES;
				CLANG_ANALYZER_NUMBER_OBJECT_CONVERSION = YES_AGGRESSIVE;
				CLANG_CXX_LANGUAGE_STANDARD = "gnu++20";
				CLANG_ENABLE_MODULES = YES;
				CLANG_ENABLE_OBJC_ARC = YES;
				CLANG_ENABLE_OBJC_WEAK = YES;
				CLANG_WARN_BLOCK_CAPTURE_AUTORELEASING = YES;
				CLANG_WARN_BOOL_CONVERSION = YES;
				CLANG_WARN_COMMA = YES;
				CLANG_WARN_CONSTANT_CONVERSION = YES;
				CLANG_WARN_DEPRECATED_OBJC_IMPLEMENTATIONS = YES;
				CLANG_WARN_DIRECT_OBJC_ISA_USAGE = YES_ERROR;
				CLANG_WARN_DOCUMENTATION_COMMENTS = YES;
				CLANG_WARN_EMPTY_BODY = YES;
				CLANG_WARN_ENUM_CONVERSION = YES;
				CLANG_WARN_INFINITE_RECURSION = YES;
				CLANG_WARN_INT_CONVERSION = YES;
				CLANG_WARN_NON_LITERAL_NULL_CONVERSION = YES;
				CLANG_WARN_OBJC_IMPLICIT_RETAIN_SELF = YES;
				CLANG_WARN_OBJC_LITERAL_CONVERSION = YES;
				CLANG_WARN_OBJC_ROOT_CLASS = YES_ERROR;
				CLANG_WARN_QUOTED_INCLUDE_IN_FRAMEWORK_HEADER = YES;
				CLANG_WARN_RANGE_LOOP_ANALYSIS = YES;
				CLANG_WARN_STRICT_PROTOTYPES = YES;
				CLANG_WARN_SUSPICIOUS_MOVE = YES;
				CLANG_WARN_UNGUARDED_AVAILABILITY = YES_AGGRESSIVE;
				CLANG_WARN_UNREACHABLE_CODE = YES;
				CLANG_WARN__DUPLICATE_METHOD_MATCH = YES;
				COPY_PHASE_STRIP = NO;
				DEBUG_INFORMATION_FORMAT = "dwarf-with-dsym";
				ENABLE_NS_ASSERTIONS = NO;
				ENABLE_STRICT_OBJC_MSGSEND = YES;
				ENABLE_USER_SCRIPT_SANDBOXING = YES;
				GCC_C_LANGUAGE_STANDARD = gnu17;
				GCC_NO_COMMON_BLOCKS = YES;
				GCC_WARN_64_TO_32_BIT_CONVERSION = YES;
				GCC_WARN_ABOUT_RETURN_TYPE = YES_ERROR;
				GCC_WARN_UNDECLARED_SELECTOR = YES;
				GCC_WARN_UNINITIALIZED_AUTOS = YES_AGGRESSIVE;
				GCC_WARN_UNUSED_FUNCTION = YES;
				GCC_WARN_UNUSED_VARIABLE = YES;
				LOCALIZATION_PREFERS_STRING_CATALOGS = YES;
				MACOSX_DEPLOYMENT_TARGET = 14.5;
				MTL_ENABLE_DEBUG_INFO = NO;
				MTL_FAST_MATH = YES;
				SDKROOT = macosx;
				SWIFT_COMPILATION_MODE = wholemodule;
			};
			name = Release;
		};
		D4D1EF272C1CFA3400003163 /* Debug */ = {
			isa = XCBuildConfiguration;
			buildSettings = {
				ASSETCATALOG_COMPILER_APPICON_NAME = AppIcon;
				ASSETCATALOG_COMPILER_GLOBAL_ACCENT_COLOR_NAME = AccentColor;
				CODE_SIGN_ENTITLEMENTS = Lira/Lira.entitlements;
				CODE_SIGN_STYLE = Automatic;
				COMBINE_HIDPI_IMAGES = YES;
				CURRENT_PROJECT_VERSION = 1;
				DEVELOPMENT_ASSET_PATHS = "\"Lira/Preview Content\"";
				DEVELOPMENT_TEAM = DD983V4X84;
				ENABLE_HARDENED_RUNTIME = YES;
				ENABLE_PREVIEWS = YES;
				GENERATE_INFOPLIST_FILE = YES;
				INFOPLIST_KEY_NSHumanReadableCopyright = "";
				LD_RUNPATH_SEARCH_PATHS = (
					"$(inherited)",
					"@executable_path/../Frameworks",
				);
				MARKETING_VERSION = 1.0;
				PRODUCT_BUNDLE_IDENTIFIER = com.saganritual.Lira;
				PRODUCT_NAME = "$(TARGET_NAME)";
				SWIFT_EMIT_LOC_STRINGS = YES;
				SWIFT_VERSION = 5.0;
			};
			name = Debug;
		};
		D4D1EF282C1CFA3400003163 /* Release */ = {
			isa = XCBuildConfiguration;
			buildSettings = {
				ASSETCATALOG_COMPILER_APPICON_NAME = AppIcon;
				ASSETCATALOG_COMPILER_GLOBAL_ACCENT_COLOR_NAME = AccentColor;
				CODE_SIGN_ENTITLEMENTS = Lira/Lira.entitlements;
				CODE_SIGN_STYLE = Automatic;
				COMBINE_HIDPI_IMAGES = YES;
				CURRENT_PROJECT_VERSION = 1;
				DEVELOPMENT_ASSET_PATHS = "\"Lira/Preview Content\"";
				DEVELOPMENT_TEAM = DD983V4X84;
				ENABLE_HARDENED_RUNTIME = YES;
				ENABLE_PREVIEWS = YES;
				GENERATE_INFOPLIST_FILE = YES;
				INFOPLIST_KEY_NSHumanReadableCopyright = "";
				LD_RUNPATH_SEARCH_PATHS = (
					"$(inherited)",
					"@executable_path/../Frameworks",
				);
				MARKETING_VERSION = 1.0;
				PRODUCT_BUNDLE_IDENTIFIER = com.saganritual.Lira;
				PRODUCT_NAME = "$(TARGET_NAME)";
				SWIFT_EMIT_LOC_STRINGS = YES;
				SWIFT_VERSION = 5.0;
			};
			name = Release;
		};
/* End XCBuildConfiguration section */

/* Begin XCConfigurationList section */
		D4D1EF122C1CFA3200003163 /* Build configuration list for PBXProject "Lira" */ = {
			isa = XCConfigurationList;
			buildConfigurations = (
				D4D1EF242C1CFA3400003163 /* Debug */,
				D4D1EF252C1CFA3400003163 /* Release */,
			);
			defaultConfigurationIsVisible = 0;
			defaultConfigurationName = Release;
		};
		D4D1EF262C1CFA3400003163 /* Build configuration list for PBXNativeTarget "Lira" */ = {
			isa = XCConfigurationList;
			buildConfigurations = (
				D4D1EF272C1CFA3400003163 /* Debug */,
				D4D1EF282C1CFA3400003163 /* Release */,
			);
			defaultConfigurationIsVisible = 0;
			defaultConfigurationName = Release;
		};
/* End XCConfigurationList section */
	};
	rootObject = D4D1EF0F2C1CFA3200003163 /* Project object */;
}
